// !$*UTF8*$!
{
	archiveVersion = 1;
	classes = {
	};
	objectVersion = 51;
	objects = {

/* Begin PBXBuildFile section */
		453F129DD17DE1C931BA73B0 /* Pods_Guiflix.framework in Frameworks */ = {isa = PBXBuildFile; fileRef = A8370D606A0E7AEC87712849 /* Pods_Guiflix.framework */; };
		6B961918234E72BB0037F483 /* AppDelegate.swift in Sources */ = {isa = PBXBuildFile; fileRef = 6B961917234E72BB0037F483 /* AppDelegate.swift */; };
		6B96191D234E72BC0037F483 /* Main.storyboard in Resources */ = {isa = PBXBuildFile; fileRef = 6B96191B234E72BC0037F483 /* Main.storyboard */; };
		6B96191F234E72BD0037F483 /* Assets.xcassets in Resources */ = {isa = PBXBuildFile; fileRef = 6B96191E234E72BD0037F483 /* Assets.xcassets */; };
		6B961922234E72BD0037F483 /* LaunchScreen.storyboard in Resources */ = {isa = PBXBuildFile; fileRef = 6B961920234E72BD0037F483 /* LaunchScreen.storyboard */; };
		6B96192D234E72BD0037F483 /* GuiflixTests.swift in Sources */ = {isa = PBXBuildFile; fileRef = 6B96192C234E72BD0037F483 /* GuiflixTests.swift */; };
		6B961957234E9C5B0037F483 /* FilmesView.xib in Resources */ = {isa = PBXBuildFile; fileRef = 6B961954234E9C5B0037F483 /* FilmesView.xib */; };
		6B961959234E9C5B0037F483 /* FilmesView.swift in Sources */ = {isa = PBXBuildFile; fileRef = 6B961956234E9C5B0037F483 /* FilmesView.swift */; };
		6B96195C234F70530037F483 /* FavoritosRepository.swift in Sources */ = {isa = PBXBuildFile; fileRef = 6B96195B234F70530037F483 /* FavoritosRepository.swift */; };
		7B3EDC3A2350B8DB0001A21F /* DetalhesViewController.swift in Sources */ = {isa = PBXBuildFile; fileRef = 7B3EDC382350B8DA0001A21F /* DetalhesViewController.swift */; };
		7B3EDC3B2350B8DB0001A21F /* DetalhesView.xib in Resources */ = {isa = PBXBuildFile; fileRef = 7B3EDC392350B8DA0001A21F /* DetalhesView.xib */; };
		7B3EDC3F2350B9490001A21F /* Localizable.strings in Resources */ = {isa = PBXBuildFile; fileRef = 7B3EDC3D2350B9490001A21F /* Localizable.strings */; };
		7B98BBF62354D30000E2412B /* ApiServiceTest.swift in Sources */ = {isa = PBXBuildFile; fileRef = 7B98BBF52354D30000E2412B /* ApiServiceTest.swift */; };
		7BAAA7112350ECE600AA3CBD /* DetalhesViewControllerTest.swift in Sources */ = {isa = PBXBuildFile; fileRef = 7BAAA7102350ECE600AA3CBD /* DetalhesViewControllerTest.swift */; };
		9439F078234E7FBC00DD48AB /* Filme.swift in Sources */ = {isa = PBXBuildFile; fileRef = 9439F077234E7FBC00DD48AB /* Filme.swift */; };
		9439F07B234E89D700DD48AB /* util.swift in Sources */ = {isa = PBXBuildFile; fileRef = 9439F07A234E89D700DD48AB /* util.swift */; };
		94C1F0F9234F5B01003C7958 /* FilmesResponse.swift in Sources */ = {isa = PBXBuildFile; fileRef = 94C1F0F8234F5B01003C7958 /* FilmesResponse.swift */; };
		94C1F0FB234F621F003C7958 /* Constantes.swift in Sources */ = {isa = PBXBuildFile; fileRef = 94C1F0FA234F621F003C7958 /* Constantes.swift */; };
		94C1F0FE234F65A7003C7958 /* APIService.swift in Sources */ = {isa = PBXBuildFile; fileRef = 94C1F0FD234F65A7003C7958 /* APIService.swift */; };
		C408885AB2164E40D98D171C /* Pods_GuiflixTests.framework in Frameworks */ = {isa = PBXBuildFile; fileRef = 6E7F67E6649FACBBC788FBED /* Pods_GuiflixTests.framework */; };
		F1A781FB2352A13700FA2AFF /* favorite-heart.json in Resources */ = {isa = PBXBuildFile; fileRef = F1A781FA2352A13700FA2AFF /* favorite-heart.json */; };
		F1AAE13A23528C12007A153A /* diamonds.mp3 in Resources */ = {isa = PBXBuildFile; fileRef = F1AAE13923528C12007A153A /* diamonds.mp3 */; };
		F1AAE13D23529175007A153A /* AudioToolbox.framework in Frameworks */ = {isa = PBXBuildFile; fileRef = F1AAE13C23529175007A153A /* AudioToolbox.framework */; };
		F1AAE13F23529798007A153A /* search-empty.json in Resources */ = {isa = PBXBuildFile; fileRef = F1AAE13E23529798007A153A /* search-empty.json */; };
		FD2B7F1523515F9500309453 /* favoritesViewController.swift in Sources */ = {isa = PBXBuildFile; fileRef = FD2B7F1323515F9500309453 /* favoritesViewController.swift */; };
		FD2B7F1623515F9500309453 /* favoritesViewController.xib in Resources */ = {isa = PBXBuildFile; fileRef = FD2B7F1423515F9500309453 /* favoritesViewController.xib */; };
		FD2B7F1923515FB300309453 /* FavoritosCollectionViewCell.swift in Sources */ = {isa = PBXBuildFile; fileRef = FD2B7F1723515FB300309453 /* FavoritosCollectionViewCell.swift */; };
		FD2B7F1D235167E400309453 /* FilmesCollectionViewCell.swift in Sources */ = {isa = PBXBuildFile; fileRef = FD2B7F1B235167E400309453 /* FilmesCollectionViewCell.swift */; };
		FD2B7F1E235167E400309453 /* FilmesCollectionViewCell.xib in Resources */ = {isa = PBXBuildFile; fileRef = FD2B7F1C235167E400309453 /* FilmesCollectionViewCell.xib */; };
		FD77DDDE23523D21003D6550 /* FavoritosCollectionViewCell.xib in Resources */ = {isa = PBXBuildFile; fileRef = FD77DDDD23523D20003D6550 /* FavoritosCollectionViewCell.xib */; };
/* End PBXBuildFile section */

/* Begin PBXContainerItemProxy section */
		6B961929234E72BD0037F483 /* PBXContainerItemProxy */ = {
			isa = PBXContainerItemProxy;
			containerPortal = 6B96190C234E72BB0037F483 /* Project object */;
			proxyType = 1;
			remoteGlobalIDString = 6B961913234E72BB0037F483;
			remoteInfo = Guiflix;
		};
/* End PBXContainerItemProxy section */

/* Begin PBXFileReference section */
		17758B195F4F9FAA899D4E09 /* Pods-GuiflixTests.debug.xcconfig */ = {isa = PBXFileReference; includeInIndex = 1; lastKnownFileType = text.xcconfig; name = "Pods-GuiflixTests.debug.xcconfig"; path = "Target Support Files/Pods-GuiflixTests/Pods-GuiflixTests.debug.xcconfig"; sourceTree = "<group>"; };
		17EB1C7256DE54B898401444 /* Pods-Guiflix.release.xcconfig */ = {isa = PBXFileReference; includeInIndex = 1; lastKnownFileType = text.xcconfig; name = "Pods-Guiflix.release.xcconfig"; path = "Target Support Files/Pods-Guiflix/Pods-Guiflix.release.xcconfig"; sourceTree = "<group>"; };
		489E66D9E65FBB7EEDF78036 /* Pods-Guiflix.debug.xcconfig */ = {isa = PBXFileReference; includeInIndex = 1; lastKnownFileType = text.xcconfig; name = "Pods-Guiflix.debug.xcconfig"; path = "Target Support Files/Pods-Guiflix/Pods-Guiflix.debug.xcconfig"; sourceTree = "<group>"; };
		6B961914234E72BB0037F483 /* Guiflix.app */ = {isa = PBXFileReference; explicitFileType = wrapper.application; includeInIndex = 0; path = Guiflix.app; sourceTree = BUILT_PRODUCTS_DIR; };
		6B961917234E72BB0037F483 /* AppDelegate.swift */ = {isa = PBXFileReference; lastKnownFileType = sourcecode.swift; path = AppDelegate.swift; sourceTree = "<group>"; };
		6B96191C234E72BC0037F483 /* Base */ = {isa = PBXFileReference; lastKnownFileType = file.storyboard; name = Base; path = Base.lproj/Main.storyboard; sourceTree = "<group>"; };
		6B96191E234E72BD0037F483 /* Assets.xcassets */ = {isa = PBXFileReference; lastKnownFileType = folder.assetcatalog; path = Assets.xcassets; sourceTree = "<group>"; };
		6B961921234E72BD0037F483 /* Base */ = {isa = PBXFileReference; lastKnownFileType = file.storyboard; name = Base; path = Base.lproj/LaunchScreen.storyboard; sourceTree = "<group>"; };
		6B961923234E72BD0037F483 /* Info.plist */ = {isa = PBXFileReference; lastKnownFileType = text.plist.xml; path = Info.plist; sourceTree = "<group>"; };
		6B961928234E72BD0037F483 /* GuiflixTests.xctest */ = {isa = PBXFileReference; explicitFileType = wrapper.cfbundle; includeInIndex = 0; path = GuiflixTests.xctest; sourceTree = BUILT_PRODUCTS_DIR; };
		6B96192C234E72BD0037F483 /* GuiflixTests.swift */ = {isa = PBXFileReference; lastKnownFileType = sourcecode.swift; path = GuiflixTests.swift; sourceTree = "<group>"; };
		6B96192E234E72BD0037F483 /* Info.plist */ = {isa = PBXFileReference; lastKnownFileType = text.plist.xml; path = Info.plist; sourceTree = "<group>"; };
		6B961954234E9C5B0037F483 /* FilmesView.xib */ = {isa = PBXFileReference; fileEncoding = 4; lastKnownFileType = file.xib; path = FilmesView.xib; sourceTree = "<group>"; };
		6B961956234E9C5B0037F483 /* FilmesView.swift */ = {isa = PBXFileReference; fileEncoding = 4; lastKnownFileType = sourcecode.swift; path = FilmesView.swift; sourceTree = "<group>"; };
		6B96195B234F70530037F483 /* FavoritosRepository.swift */ = {isa = PBXFileReference; lastKnownFileType = sourcecode.swift; path = FavoritosRepository.swift; sourceTree = "<group>"; };
		6E7F67E6649FACBBC788FBED /* Pods_GuiflixTests.framework */ = {isa = PBXFileReference; explicitFileType = wrapper.framework; includeInIndex = 0; path = Pods_GuiflixTests.framework; sourceTree = BUILT_PRODUCTS_DIR; };
		7B3EDC382350B8DA0001A21F /* DetalhesViewController.swift */ = {isa = PBXFileReference; fileEncoding = 4; lastKnownFileType = sourcecode.swift; path = DetalhesViewController.swift; sourceTree = "<group>"; };
		7B3EDC392350B8DA0001A21F /* DetalhesView.xib */ = {isa = PBXFileReference; fileEncoding = 4; lastKnownFileType = file.xib; path = DetalhesView.xib; sourceTree = "<group>"; };
		7B3EDC3E2350B9490001A21F /* en */ = {isa = PBXFileReference; lastKnownFileType = text.plist.strings; name = en; path = en.lproj/Localizable.strings; sourceTree = "<group>"; };
		7B98BBF52354D30000E2412B /* ApiServiceTest.swift */ = {isa = PBXFileReference; lastKnownFileType = sourcecode.swift; path = ApiServiceTest.swift; sourceTree = "<group>"; };
		7B99B8C8235121350047C32C /* es */ = {isa = PBXFileReference; lastKnownFileType = text.plist.strings; name = es; path = es.lproj/Main.strings; sourceTree = "<group>"; };
		7B99B8C9235121360047C32C /* es */ = {isa = PBXFileReference; lastKnownFileType = text.plist.strings; name = es; path = es.lproj/LaunchScreen.strings; sourceTree = "<group>"; };
		7B99B8CA235121360047C32C /* es */ = {isa = PBXFileReference; lastKnownFileType = text.plist.strings; name = es; path = es.lproj/Localizable.strings; sourceTree = "<group>"; };
		7BAAA7102350ECE600AA3CBD /* DetalhesViewControllerTest.swift */ = {isa = PBXFileReference; lastKnownFileType = sourcecode.swift; path = DetalhesViewControllerTest.swift; sourceTree = "<group>"; };
		9439F077234E7FBC00DD48AB /* Filme.swift */ = {isa = PBXFileReference; lastKnownFileType = sourcecode.swift; path = Filme.swift; sourceTree = "<group>"; };
		9439F07A234E89D700DD48AB /* util.swift */ = {isa = PBXFileReference; lastKnownFileType = sourcecode.swift; path = util.swift; sourceTree = "<group>"; };
		94C1F0F8234F5B01003C7958 /* FilmesResponse.swift */ = {isa = PBXFileReference; lastKnownFileType = sourcecode.swift; path = FilmesResponse.swift; sourceTree = "<group>"; };
		94C1F0FA234F621F003C7958 /* Constantes.swift */ = {isa = PBXFileReference; lastKnownFileType = sourcecode.swift; path = Constantes.swift; sourceTree = "<group>"; };
		94C1F0FD234F65A7003C7958 /* APIService.swift */ = {isa = PBXFileReference; lastKnownFileType = sourcecode.swift; path = APIService.swift; sourceTree = "<group>"; };
		A8370D606A0E7AEC87712849 /* Pods_Guiflix.framework */ = {isa = PBXFileReference; explicitFileType = wrapper.framework; includeInIndex = 0; path = Pods_Guiflix.framework; sourceTree = BUILT_PRODUCTS_DIR; };
		CB2D46BB0F31799F75932ED2 /* Pods-GuiflixTests.release.xcconfig */ = {isa = PBXFileReference; includeInIndex = 1; lastKnownFileType = text.xcconfig; name = "Pods-GuiflixTests.release.xcconfig"; path = "Target Support Files/Pods-GuiflixTests/Pods-GuiflixTests.release.xcconfig"; sourceTree = "<group>"; };
		F1A781FA2352A13700FA2AFF /* favorite-heart.json */ = {isa = PBXFileReference; fileEncoding = 4; lastKnownFileType = text.json; path = "favorite-heart.json"; sourceTree = "<group>"; };
		F1AAE13923528C12007A153A /* diamonds.mp3 */ = {isa = PBXFileReference; lastKnownFileType = audio.mp3; path = diamonds.mp3; sourceTree = "<group>"; };
		F1AAE13C23529175007A153A /* AudioToolbox.framework */ = {isa = PBXFileReference; lastKnownFileType = wrapper.framework; name = AudioToolbox.framework; path = System/Library/Frameworks/AudioToolbox.framework; sourceTree = SDKROOT; };
		F1AAE13E23529798007A153A /* search-empty.json */ = {isa = PBXFileReference; fileEncoding = 4; lastKnownFileType = text.json; path = "search-empty.json"; sourceTree = "<group>"; };
		FD2B7F1323515F9500309453 /* favoritesViewController.swift */ = {isa = PBXFileReference; lastKnownFileType = sourcecode.swift; path = favoritesViewController.swift; sourceTree = "<group>"; };
		FD2B7F1423515F9500309453 /* favoritesViewController.xib */ = {isa = PBXFileReference; lastKnownFileType = file.xib; path = favoritesViewController.xib; sourceTree = "<group>"; };
		FD2B7F1723515FB300309453 /* FavoritosCollectionViewCell.swift */ = {isa = PBXFileReference; lastKnownFileType = sourcecode.swift; path = FavoritosCollectionViewCell.swift; sourceTree = "<group>"; };
		FD2B7F1B235167E400309453 /* FilmesCollectionViewCell.swift */ = {isa = PBXFileReference; lastKnownFileType = sourcecode.swift; path = FilmesCollectionViewCell.swift; sourceTree = "<group>"; };
		FD2B7F1C235167E400309453 /* FilmesCollectionViewCell.xib */ = {isa = PBXFileReference; lastKnownFileType = file.xib; path = FilmesCollectionViewCell.xib; sourceTree = "<group>"; };
		FD77DDDD23523D20003D6550 /* FavoritosCollectionViewCell.xib */ = {isa = PBXFileReference; fileEncoding = 4; lastKnownFileType = file.xib; path = FavoritosCollectionViewCell.xib; sourceTree = "<group>"; };
/* End PBXFileReference section */

/* Begin PBXFrameworksBuildPhase section */
		6B961911234E72BB0037F483 /* Frameworks */ = {
			isa = PBXFrameworksBuildPhase;
			buildActionMask = 2147483647;
			files = (
				453F129DD17DE1C931BA73B0 /* Pods_Guiflix.framework in Frameworks */,
				F1AAE13D23529175007A153A /* AudioToolbox.framework in Frameworks */,
			);
			runOnlyForDeploymentPostprocessing = 0;
		};
		6B961925234E72BD0037F483 /* Frameworks */ = {
			isa = PBXFrameworksBuildPhase;
			buildActionMask = 2147483647;
			files = (
				C408885AB2164E40D98D171C /* Pods_GuiflixTests.framework in Frameworks */,
			);
			runOnlyForDeploymentPostprocessing = 0;
		};
/* End PBXFrameworksBuildPhase section */

/* Begin PBXGroup section */
		1A1E49F48904F38731DB074E /* Pods */ = {
			isa = PBXGroup;
			children = (
				489E66D9E65FBB7EEDF78036 /* Pods-Guiflix.debug.xcconfig */,
				17EB1C7256DE54B898401444 /* Pods-Guiflix.release.xcconfig */,
				17758B195F4F9FAA899D4E09 /* Pods-GuiflixTests.debug.xcconfig */,
				CB2D46BB0F31799F75932ED2 /* Pods-GuiflixTests.release.xcconfig */,
			);
			path = Pods;
			sourceTree = "<group>";
		};
		6B96190B234E72BB0037F483 = {
			isa = PBXGroup;
			children = (
				6B961916234E72BB0037F483 /* Guiflix */,
				6B96192B234E72BD0037F483 /* GuiflixTests */,
				6B961915234E72BB0037F483 /* Products */,
				1A1E49F48904F38731DB074E /* Pods */,
				AA907D53159D63E2C4F82AE8 /* Frameworks */,
			);
			sourceTree = "<group>";
		};
		6B961915234E72BB0037F483 /* Products */ = {
			isa = PBXGroup;
			children = (
				6B961914234E72BB0037F483 /* Guiflix.app */,
				6B961928234E72BD0037F483 /* GuiflixTests.xctest */,
			);
			name = Products;
			sourceTree = "<group>";
		};
		6B961916234E72BB0037F483 /* Guiflix */ = {
			isa = PBXGroup;
			children = (
				F1AAE13E23529798007A153A /* search-empty.json */,
				F1A781FA2352A13700FA2AFF /* favorite-heart.json */,
				F1AAE13923528C12007A153A /* diamonds.mp3 */,
				94C1F0FC234F6576003C7958 /* Repository */,
				7B3EDC3C2350B9490001A21F /* resources */,
				7B3EDC372350B8DA0001A21F /* Detalhes */,
				6B96195A234F700A0037F483 /* RepositoryFavoritos */,
				9439F079234E897600DD48AB /* Utils */,
				9439F076234E7F1500DD48AB /* Model */,
				6B961938234E745D0037F483 /* Favoritos */,
				6B961937234E744D0037F483 /* Filmes */,
				6B961917234E72BB0037F483 /* AppDelegate.swift */,
				6B96191B234E72BC0037F483 /* Main.storyboard */,
				6B96191E234E72BD0037F483 /* Assets.xcassets */,
				6B961920234E72BD0037F483 /* LaunchScreen.storyboard */,
				6B961923234E72BD0037F483 /* Info.plist */,
			);
			path = Guiflix;
			sourceTree = "<group>";
		};
		6B96192B234E72BD0037F483 /* GuiflixTests */ = {
			isa = PBXGroup;
			children = (
				6B96192C234E72BD0037F483 /* GuiflixTests.swift */,
				6B96192E234E72BD0037F483 /* Info.plist */,
				7BAAA7102350ECE600AA3CBD /* DetalhesViewControllerTest.swift */,
				7B98BBF52354D30000E2412B /* ApiServiceTest.swift */,
			);
			path = GuiflixTests;
			sourceTree = "<group>";
		};
		6B961937234E744D0037F483 /* Filmes */ = {
			isa = PBXGroup;
			children = (
				6B961956234E9C5B0037F483 /* FilmesView.swift */,
				6B961954234E9C5B0037F483 /* FilmesView.xib */,
				FD2B7F1B235167E400309453 /* FilmesCollectionViewCell.swift */,
				FD2B7F1C235167E400309453 /* FilmesCollectionViewCell.xib */,
			);
			path = Filmes;
			sourceTree = "<group>";
		};
		6B961938234E745D0037F483 /* Favoritos */ = {
			isa = PBXGroup;
			children = (
				FD2B7F1323515F9500309453 /* favoritesViewController.swift */,
				FD2B7F1423515F9500309453 /* favoritesViewController.xib */,
				FD77DDDD23523D20003D6550 /* FavoritosCollectionViewCell.xib */,
				FD2B7F1723515FB300309453 /* FavoritosCollectionViewCell.swift */,
			);
			path = Favoritos;
			sourceTree = "<group>";
		};
		6B96195A234F700A0037F483 /* RepositoryFavoritos */ = {
			isa = PBXGroup;
			children = (
				6B96195B234F70530037F483 /* FavoritosRepository.swift */,
			);
			path = RepositoryFavoritos;
			sourceTree = "<group>";
		};
		7B3EDC372350B8DA0001A21F /* Detalhes */ = {
			isa = PBXGroup;
			children = (
				7B3EDC382350B8DA0001A21F /* DetalhesViewController.swift */,
				7B3EDC392350B8DA0001A21F /* DetalhesView.xib */,
			);
			path = Detalhes;
			sourceTree = "<group>";
		};
		7B3EDC3C2350B9490001A21F /* resources */ = {
			isa = PBXGroup;
			children = (
				7B3EDC3D2350B9490001A21F /* Localizable.strings */,
			);
			path = resources;
			sourceTree = "<group>";
		};
		9439F076234E7F1500DD48AB /* Model */ = {
			isa = PBXGroup;
			children = (
				9439F077234E7FBC00DD48AB /* Filme.swift */,
				94C1F0F8234F5B01003C7958 /* FilmesResponse.swift */,
			);
			path = Model;
			sourceTree = "<group>";
		};
		9439F079234E897600DD48AB /* Utils */ = {
			isa = PBXGroup;
			children = (
				9439F07A234E89D700DD48AB /* util.swift */,
				94C1F0FA234F621F003C7958 /* Constantes.swift */,
			);
			path = Utils;
			sourceTree = "<group>";
		};
		94C1F0FC234F6576003C7958 /* Repository */ = {
			isa = PBXGroup;
			children = (
				94C1F0FD234F65A7003C7958 /* APIService.swift */,
			);
			path = Repository;
			sourceTree = "<group>";
		};
		AA907D53159D63E2C4F82AE8 /* Frameworks */ = {
			isa = PBXGroup;
			children = (
				F1AAE13C23529175007A153A /* AudioToolbox.framework */,
				A8370D606A0E7AEC87712849 /* Pods_Guiflix.framework */,
				6E7F67E6649FACBBC788FBED /* Pods_GuiflixTests.framework */,
			);
			name = Frameworks;
			sourceTree = "<group>";
		};
/* End PBXGroup section */

/* Begin PBXNativeTarget section */
		6B961913234E72BB0037F483 /* Guiflix */ = {
			isa = PBXNativeTarget;
			buildConfigurationList = 6B961931234E72BD0037F483 /* Build configuration list for PBXNativeTarget "Guiflix" */;
			buildPhases = (
				E8344E7EC2666DD71ED3BE85 /* [CP] Check Pods Manifest.lock */,
				6B961910234E72BB0037F483 /* Sources */,
				6B961911234E72BB0037F483 /* Frameworks */,
				6B961912234E72BB0037F483 /* Resources */,
				32A8107F31306E70BBAC86A0 /* [CP] Embed Pods Frameworks */,
			);
			buildRules = (
			);
			dependencies = (
			);
			name = Guiflix;
			productName = Guiflix;
			productReference = 6B961914234E72BB0037F483 /* Guiflix.app */;
			productType = "com.apple.product-type.application";
		};
		6B961927234E72BD0037F483 /* GuiflixTests */ = {
			isa = PBXNativeTarget;
			buildConfigurationList = 6B961934234E72BD0037F483 /* Build configuration list for PBXNativeTarget "GuiflixTests" */;
			buildPhases = (
				B9451EFB6066052ED9F33EB9 /* [CP] Check Pods Manifest.lock */,
				6B961924234E72BD0037F483 /* Sources */,
				6B961925234E72BD0037F483 /* Frameworks */,
				6B961926234E72BD0037F483 /* Resources */,
			);
			buildRules = (
			);
			dependencies = (
				6B96192A234E72BD0037F483 /* PBXTargetDependency */,
			);
			name = GuiflixTests;
			productName = GuiflixTests;
			productReference = 6B961928234E72BD0037F483 /* GuiflixTests.xctest */;
			productType = "com.apple.product-type.bundle.unit-test";
		};
/* End PBXNativeTarget section */

/* Begin PBXProject section */
		6B96190C234E72BB0037F483 /* Project object */ = {
			isa = PBXProject;
			attributes = {
				LastSwiftUpdateCheck = 1020;
				LastUpgradeCheck = 1020;
				ORGANIZATIONNAME = "Guilherme Miranda Lopes";
				TargetAttributes = {
					6B961913234E72BB0037F483 = {
						CreatedOnToolsVersion = 10.2;
					};
					6B961927234E72BD0037F483 = {
						CreatedOnToolsVersion = 10.2;
						TestTargetID = 6B961913234E72BB0037F483;
					};
				};
			};
			buildConfigurationList = 6B96190F234E72BB0037F483 /* Build configuration list for PBXProject "Guiflix" */;
			compatibilityVersion = "Xcode 9.3";
			developmentRegion = en;
			hasScannedForEncodings = 0;
			knownRegions = (
				en,
				Base,
				es,
			);
			mainGroup = 6B96190B234E72BB0037F483;
			productRefGroup = 6B961915234E72BB0037F483 /* Products */;
			projectDirPath = "";
			projectRoot = "";
			targets = (
				6B961913234E72BB0037F483 /* Guiflix */,
				6B961927234E72BD0037F483 /* GuiflixTests */,
			);
		};
/* End PBXProject section */

/* Begin PBXResourcesBuildPhase section */
		6B961912234E72BB0037F483 /* Resources */ = {
			isa = PBXResourcesBuildPhase;
			buildActionMask = 2147483647;
			files = (
				6B961922234E72BD0037F483 /* LaunchScreen.storyboard in Resources */,
				6B96191F234E72BD0037F483 /* Assets.xcassets in Resources */,
				6B961957234E9C5B0037F483 /* FilmesView.xib in Resources */,
				FD77DDDE23523D21003D6550 /* FavoritosCollectionViewCell.xib in Resources */,
				7B3EDC3F2350B9490001A21F /* Localizable.strings in Resources */,
				F1AAE13A23528C12007A153A /* diamonds.mp3 in Resources */,
				FD2B7F1E235167E400309453 /* FilmesCollectionViewCell.xib in Resources */,
				F1A781FB2352A13700FA2AFF /* favorite-heart.json in Resources */,
				6B96191D234E72BC0037F483 /* Main.storyboard in Resources */,
				7B3EDC3B2350B8DB0001A21F /* DetalhesView.xib in Resources */,
				FD2B7F1623515F9500309453 /* favoritesViewController.xib in Resources */,
				F1AAE13F23529798007A153A /* search-empty.json in Resources */,
			);
			runOnlyForDeploymentPostprocessing = 0;
		};
		6B961926234E72BD0037F483 /* Resources */ = {
			isa = PBXResourcesBuildPhase;
			buildActionMask = 2147483647;
			files = (
			);
			runOnlyForDeploymentPostprocessing = 0;
		};
/* End PBXResourcesBuildPhase section */

/* Begin PBXShellScriptBuildPhase section */
		32A8107F31306E70BBAC86A0 /* [CP] Embed Pods Frameworks */ = {
			isa = PBXShellScriptBuildPhase;
			buildActionMask = 2147483647;
			files = (
			);
			inputFileListPaths = (
				"${PODS_ROOT}/Target Support Files/Pods-Guiflix/Pods-Guiflix-frameworks-${CONFIGURATION}-input-files.xcfilelist",
			);
			name = "[CP] Embed Pods Frameworks";
			outputFileListPaths = (
				"${PODS_ROOT}/Target Support Files/Pods-Guiflix/Pods-Guiflix-frameworks-${CONFIGURATION}-output-files.xcfilelist",
			);
			runOnlyForDeploymentPostprocessing = 0;
			shellPath = /bin/sh;
			shellScript = "\"${PODS_ROOT}/Target Support Files/Pods-Guiflix/Pods-Guiflix-frameworks.sh\"\n";
			showEnvVarsInLog = 0;
		};
		B9451EFB6066052ED9F33EB9 /* [CP] Check Pods Manifest.lock */ = {
			isa = PBXShellScriptBuildPhase;
			buildActionMask = 2147483647;
			files = (
			);
			inputFileListPaths = (
			);
			inputPaths = (
				"${PODS_PODFILE_DIR_PATH}/Podfile.lock",
				"${PODS_ROOT}/Manifest.lock",
			);
			name = "[CP] Check Pods Manifest.lock";
			outputFileListPaths = (
			);
			outputPaths = (
				"$(DERIVED_FILE_DIR)/Pods-GuiflixTests-checkManifestLockResult.txt",
			);
			runOnlyForDeploymentPostprocessing = 0;
			shellPath = /bin/sh;
			shellScript = "diff \"${PODS_PODFILE_DIR_PATH}/Podfile.lock\" \"${PODS_ROOT}/Manifest.lock\" > /dev/null\nif [ $? != 0 ] ; then\n    # print error to STDERR\n    echo \"error: The sandbox is not in sync with the Podfile.lock. Run 'pod install' or update your CocoaPods installation.\" >&2\n    exit 1\nfi\n# This output is used by Xcode 'outputs' to avoid re-running this script phase.\necho \"SUCCESS\" > \"${SCRIPT_OUTPUT_FILE_0}\"\n";
			showEnvVarsInLog = 0;
		};
		E8344E7EC2666DD71ED3BE85 /* [CP] Check Pods Manifest.lock */ = {
			isa = PBXShellScriptBuildPhase;
			buildActionMask = 2147483647;
			files = (
			);
			inputFileListPaths = (
			);
			inputPaths = (
				"${PODS_PODFILE_DIR_PATH}/Podfile.lock",
				"${PODS_ROOT}/Manifest.lock",
			);
			name = "[CP] Check Pods Manifest.lock";
			outputFileListPaths = (
			);
			outputPaths = (
				"$(DERIVED_FILE_DIR)/Pods-Guiflix-checkManifestLockResult.txt",
			);
			runOnlyForDeploymentPostprocessing = 0;
			shellPath = /bin/sh;
			shellScript = "diff \"${PODS_PODFILE_DIR_PATH}/Podfile.lock\" \"${PODS_ROOT}/Manifest.lock\" > /dev/null\nif [ $? != 0 ] ; then\n    # print error to STDERR\n    echo \"error: The sandbox is not in sync with the Podfile.lock. Run 'pod install' or update your CocoaPods installation.\" >&2\n    exit 1\nfi\n# This output is used by Xcode 'outputs' to avoid re-running this script phase.\necho \"SUCCESS\" > \"${SCRIPT_OUTPUT_FILE_0}\"\n";
			showEnvVarsInLog = 0;
		};
/* End PBXShellScriptBuildPhase section */

/* Begin PBXSourcesBuildPhase section */
		6B961910234E72BB0037F483 /* Sources */ = {
			isa = PBXSourcesBuildPhase;
			buildActionMask = 2147483647;
			files = (
				FD2B7F1D235167E400309453 /* FilmesCollectionViewCell.swift in Sources */,
				94C1F0F9234F5B01003C7958 /* FilmesResponse.swift in Sources */,
				7B3EDC3A2350B8DB0001A21F /* DetalhesViewController.swift in Sources */,
				6B96195C234F70530037F483 /* FavoritosRepository.swift in Sources */,
				6B961918234E72BB0037F483 /* AppDelegate.swift in Sources */,
				FD2B7F1923515FB300309453 /* FavoritosCollectionViewCell.swift in Sources */,
				9439F07B234E89D700DD48AB /* util.swift in Sources */,
				94C1F0FB234F621F003C7958 /* Constantes.swift in Sources */,
				FD2B7F1523515F9500309453 /* favoritesViewController.swift in Sources */,
				94C1F0FE234F65A7003C7958 /* APIService.swift in Sources */,
				9439F078234E7FBC00DD48AB /* Filme.swift in Sources */,
				6B961959234E9C5B0037F483 /* FilmesView.swift in Sources */,
			);
			runOnlyForDeploymentPostprocessing = 0;
		};
		6B961924234E72BD0037F483 /* Sources */ = {
			isa = PBXSourcesBuildPhase;
			buildActionMask = 2147483647;
			files = (
				7BAAA7112350ECE600AA3CBD /* DetalhesViewControllerTest.swift in Sources */,
				7B98BBF62354D30000E2412B /* ApiServiceTest.swift in Sources */,
				6B96192D234E72BD0037F483 /* GuiflixTests.swift in Sources */,
			);
			runOnlyForDeploymentPostprocessing = 0;
		};
/* End PBXSourcesBuildPhase section */

/* Begin PBXTargetDependency section */
		6B96192A234E72BD0037F483 /* PBXTargetDependency */ = {
			isa = PBXTargetDependency;
			target = 6B961913234E72BB0037F483 /* Guiflix */;
			targetProxy = 6B961929234E72BD0037F483 /* PBXContainerItemProxy */;
		};
/* End PBXTargetDependency section */

/* Begin PBXVariantGroup section */
		6B96191B234E72BC0037F483 /* Main.storyboard */ = {
			isa = PBXVariantGroup;
			children = (
				6B96191C234E72BC0037F483 /* Base */,
				7B99B8C8235121350047C32C /* es */,
			);
			name = Main.storyboard;
			sourceTree = "<group>";
		};
		6B961920234E72BD0037F483 /* LaunchScreen.storyboard */ = {
			isa = PBXVariantGroup;
			children = (
				6B961921234E72BD0037F483 /* Base */,
				7B99B8C9235121360047C32C /* es */,
			);
			name = LaunchScreen.storyboard;
			sourceTree = "<group>";
		};
		7B3EDC3D2350B9490001A21F /* Localizable.strings */ = {
			isa = PBXVariantGroup;
			children = (
				7B3EDC3E2350B9490001A21F /* en */,
				7B99B8CA235121360047C32C /* es */,
			);
			name = Localizable.strings;
			sourceTree = "<group>";
		};
/* End PBXVariantGroup section */

/* Begin XCBuildConfiguration section */
		6B96192F234E72BD0037F483 /* Debug */ = {
			isa = XCBuildConfiguration;
			buildSettings = {
				ALWAYS_SEARCH_USER_PATHS = NO;
				CLANG_ANALYZER_LOCALIZABILITY_NONLOCALIZED = YES;
				CLANG_ANALYZER_NONNULL = YES;
				CLANG_ANALYZER_NUMBER_OBJECT_CONVERSION = YES_AGGRESSIVE;
				CLANG_CXX_LANGUAGE_STANDARD = "gnu++14";
				CLANG_CXX_LIBRARY = "libc++";
				CLANG_ENABLE_MODULES = YES;
				CLANG_ENABLE_OBJC_ARC = YES;
				CLANG_ENABLE_OBJC_WEAK = YES;
				CLANG_WARN_BLOCK_CAPTURE_AUTORELEASING = YES;
				CLANG_WARN_BOOL_CONVERSION = YES;
				CLANG_WARN_COMMA = YES;
				CLANG_WARN_CONSTANT_CONVERSION = YES;
				CLANG_WARN_DEPRECATED_OBJC_IMPLEMENTATIONS = YES;
				CLANG_WARN_DIRECT_OBJC_ISA_USAGE = YES_ERROR;
				CLANG_WARN_DOCUMENTATION_COMMENTS = YES;
				CLANG_WARN_EMPTY_BODY = YES;
				CLANG_WARN_ENUM_CONVERSION = YES;
				CLANG_WARN_INFINITE_RECURSION = YES;
				CLANG_WARN_INT_CONVERSION = YES;
				CLANG_WARN_NON_LITERAL_NULL_CONVERSION = YES;
				CLANG_WARN_OBJC_IMPLICIT_RETAIN_SELF = YES;
				CLANG_WARN_OBJC_LITERAL_CONVERSION = YES;
				CLANG_WARN_OBJC_ROOT_CLASS = YES_ERROR;
				CLANG_WARN_RANGE_LOOP_ANALYSIS = YES;
				CLANG_WARN_STRICT_PROTOTYPES = YES;
				CLANG_WARN_SUSPICIOUS_MOVE = YES;
				CLANG_WARN_UNGUARDED_AVAILABILITY = YES_AGGRESSIVE;
				CLANG_WARN_UNREACHABLE_CODE = YES;
				CLANG_WARN__DUPLICATE_METHOD_MATCH = YES;
				CODE_SIGN_IDENTITY = "iPhone Developer";
				COPY_PHASE_STRIP = NO;
				DEBUG_INFORMATION_FORMAT = dwarf;
				ENABLE_STRICT_OBJC_MSGSEND = YES;
				ENABLE_TESTABILITY = YES;
				GCC_C_LANGUAGE_STANDARD = gnu11;
				GCC_DYNAMIC_NO_PIC = NO;
				GCC_NO_COMMON_BLOCKS = YES;
				GCC_OPTIMIZATION_LEVEL = 0;
				GCC_PREPROCESSOR_DEFINITIONS = (
					"DEBUG=1",
					"$(inherited)",
				);
				GCC_WARN_64_TO_32_BIT_CONVERSION = YES;
				GCC_WARN_ABOUT_RETURN_TYPE = YES_ERROR;
				GCC_WARN_UNDECLARED_SELECTOR = YES;
				GCC_WARN_UNINITIALIZED_AUTOS = YES_AGGRESSIVE;
				GCC_WARN_UNUSED_FUNCTION = YES;
				GCC_WARN_UNUSED_VARIABLE = YES;
				IPHONEOS_DEPLOYMENT_TARGET = 12.2;
				MTL_ENABLE_DEBUG_INFO = INCLUDE_SOURCE;
				MTL_FAST_MATH = YES;
				ONLY_ACTIVE_ARCH = YES;
				SDKROOT = iphoneos;
				SWIFT_ACTIVE_COMPILATION_CONDITIONS = DEBUG;
				SWIFT_OPTIMIZATION_LEVEL = "-Onone";
			};
			name = Debug;
		};
		6B961930234E72BD0037F483 /* Release */ = {
			isa = XCBuildConfiguration;
			buildSettings = {
				ALWAYS_SEARCH_USER_PATHS = NO;
				CLANG_ANALYZER_LOCALIZABILITY_NONLOCALIZED = YES;
				CLANG_ANALYZER_NONNULL = YES;
				CLANG_ANALYZER_NUMBER_OBJECT_CONVERSION = YES_AGGRESSIVE;
				CLANG_CXX_LANGUAGE_STANDARD = "gnu++14";
				CLANG_CXX_LIBRARY = "libc++";
				CLANG_ENABLE_MODULES = YES;
				CLANG_ENABLE_OBJC_ARC = YES;
				CLANG_ENABLE_OBJC_WEAK = YES;
				CLANG_WARN_BLOCK_CAPTURE_AUTORELEASING = YES;
				CLANG_WARN_BOOL_CONVERSION = YES;
				CLANG_WARN_COMMA = YES;
				CLANG_WARN_CONSTANT_CONVERSION = YES;
				CLANG_WARN_DEPRECATED_OBJC_IMPLEMENTATIONS = YES;
				CLANG_WARN_DIRECT_OBJC_ISA_USAGE = YES_ERROR;
				CLANG_WARN_DOCUMENTATION_COMMENTS = YES;
				CLANG_WARN_EMPTY_BODY = YES;
				CLANG_WARN_ENUM_CONVERSION = YES;
				CLANG_WARN_INFINITE_RECURSION = YES;
				CLANG_WARN_INT_CONVERSION = YES;
				CLANG_WARN_NON_LITERAL_NULL_CONVERSION = YES;
				CLANG_WARN_OBJC_IMPLICIT_RETAIN_SELF = YES;
				CLANG_WARN_OBJC_LITERAL_CONVERSION = YES;
				CLANG_WARN_OBJC_ROOT_CLASS = YES_ERROR;
				CLANG_WARN_RANGE_LOOP_ANALYSIS = YES;
				CLANG_WARN_STRICT_PROTOTYPES = YES;
				CLANG_WARN_SUSPICIOUS_MOVE = YES;
				CLANG_WARN_UNGUARDED_AVAILABILITY = YES_AGGRESSIVE;
				CLANG_WARN_UNREACHABLE_CODE = YES;
				CLANG_WARN__DUPLICATE_METHOD_MATCH = YES;
				CODE_SIGN_IDENTITY = "iPhone Developer";
				COPY_PHASE_STRIP = NO;
				DEBUG_INFORMATION_FORMAT = "dwarf-with-dsym";
				ENABLE_NS_ASSERTIONS = NO;
				ENABLE_STRICT_OBJC_MSGSEND = YES;
				GCC_C_LANGUAGE_STANDARD = gnu11;
				GCC_NO_COMMON_BLOCKS = YES;
				GCC_WARN_64_TO_32_BIT_CONVERSION = YES;
				GCC_WARN_ABOUT_RETURN_TYPE = YES_ERROR;
				GCC_WARN_UNDECLARED_SELECTOR = YES;
				GCC_WARN_UNINITIALIZED_AUTOS = YES_AGGRESSIVE;
				GCC_WARN_UNUSED_FUNCTION = YES;
				GCC_WARN_UNUSED_VARIABLE = YES;
				IPHONEOS_DEPLOYMENT_TARGET = 12.2;
				MTL_ENABLE_DEBUG_INFO = NO;
				MTL_FAST_MATH = YES;
				SDKROOT = iphoneos;
				SWIFT_COMPILATION_MODE = wholemodule;
				SWIFT_OPTIMIZATION_LEVEL = "-O";
				VALIDATE_PRODUCT = YES;
			};
			name = Release;
		};
		6B961932234E72BD0037F483 /* Debug */ = {
			isa = XCBuildConfiguration;
			baseConfigurationReference = 489E66D9E65FBB7EEDF78036 /* Pods-Guiflix.debug.xcconfig */;
			buildSettings = {
				ASSETCATALOG_COMPILER_APPICON_NAME = AppIcon;
				CODE_SIGN_ENTITLEMENTS = Guiflix/Guiflix.entitlements;
				CODE_SIGN_IDENTITY = "Apple Development";
				CODE_SIGN_STYLE = Automatic;
				DEVELOPMENT_TEAM = HM79DMZSRQ;
				INFOPLIST_FILE = Guiflix/Info.plist;
				LD_RUNPATH_SEARCH_PATHS = (
					"$(inherited)",
					"@executable_path/Frameworks",
				);
				PRODUCT_BUNDLE_IDENTIFIER = devs.Guiflix;
				PRODUCT_NAME = "$(TARGET_NAME)";
				PROVISIONING_PROFILE_SPECIFIER = "";
				SWIFT_VERSION = 5.0;
				TARGETED_DEVICE_FAMILY = 1;
			};
			name = Debug;
		};
		6B961933234E72BD0037F483 /* Release */ = {
			isa = XCBuildConfiguration;
			baseConfigurationReference = 17EB1C7256DE54B898401444 /* Pods-Guiflix.release.xcconfig */;
			buildSettings = {
				ASSETCATALOG_COMPILER_APPICON_NAME = AppIcon;
				CODE_SIGN_ENTITLEMENTS = Guiflix/Guiflix.entitlements;
				CODE_SIGN_IDENTITY = "Apple Development";
				CODE_SIGN_STYLE = Manual;
				DEVELOPMENT_TEAM = "";
				INFOPLIST_FILE = Guiflix/Info.plist;
				LD_RUNPATH_SEARCH_PATHS = (
					"$(inherited)",
					"@executable_path/Frameworks",
				);
				PRODUCT_BUNDLE_IDENTIFIER = dev.Guiflix;
				PRODUCT_NAME = "$(TARGET_NAME)";
				PROVISIONING_PROFILE_SPECIFIER = "";
				SWIFT_VERSION = 5.0;
				TARGETED_DEVICE_FAMILY = 1;
			};
			name = Release;
		};
		6B961935234E72BD0037F483 /* Debug */ = {
			isa = XCBuildConfiguration;
			baseConfigurationReference = 17758B195F4F9FAA899D4E09 /* Pods-GuiflixTests.debug.xcconfig */;
			buildSettings = {
				ALWAYS_EMBED_SWIFT_STANDARD_LIBRARIES = YES;
				BUNDLE_LOADER = "$(TEST_HOST)";
				CODE_SIGN_STYLE = Automatic;
				DEVELOPMENT_TEAM = BRMZFBELGJ;
				INFOPLIST_FILE = GuiflixTests/Info.plist;
				LD_RUNPATH_SEARCH_PATHS = (
					"$(inherited)",
					"@executable_path/Frameworks",
					"@loader_path/Frameworks",
				);
				PRODUCT_BUNDLE_IDENTIFIER = dev.GuiflixTests;
				PRODUCT_NAME = "$(TARGET_NAME)";
				SWIFT_VERSION = 5.0;
				TARGETED_DEVICE_FAMILY = "1,2";
				TEST_HOST = "$(BUILT_PRODUCTS_DIR)/Guiflix.app/Guiflix";
			};
			name = Debug;
		};
		6B961936234E72BD0037F483 /* Release */ = {
			isa = XCBuildConfiguration;
			baseConfigurationReference = CB2D46BB0F31799F75932ED2 /* Pods-GuiflixTests.release.xcconfig */;
			buildSettings = {
				ALWAYS_EMBED_SWIFT_STANDARD_LIBRARIES = YES;
				BUNDLE_LOADER = "$(TEST_HOST)";
				CODE_SIGN_STYLE = Automatic;
				DEVELOPMENT_TEAM = BRMZFBELGJ;
				INFOPLIST_FILE = GuiflixTests/Info.plist;
				LD_RUNPATH_SEARCH_PATHS = (
					"$(inherited)",
					"@executable_path/Frameworks",
					"@loader_path/Frameworks",
				);
				PRODUCT_BUNDLE_IDENTIFIER = dev.GuiflixTests;
				PRODUCT_NAME = "$(TARGET_NAME)";
				SWIFT_VERSION = 5.0;
				TARGETED_DEVICE_FAMILY = "1,2";
				TEST_HOST = "$(BUILT_PRODUCTS_DIR)/Guiflix.app/Guiflix";
			};
			name = Release;
		};
/* End XCBuildConfiguration section */

/* Begin XCConfigurationList section */
		6B96190F234E72BB0037F483 /* Build configuration list for PBXProject "Guiflix" */ = {
			isa = XCConfigurationList;
			buildConfigurations = (
				6B96192F234E72BD0037F483 /* Debug */,
				6B961930234E72BD0037F483 /* Release */,
			);
			defaultConfigurationIsVisible = 0;
			defaultConfigurationName = Release;
		};
		6B961931234E72BD0037F483 /* Build configuration list for PBXNativeTarget "Guiflix" */ = {
			isa = XCConfigurationList;
			buildConfigurations = (
				6B961932234E72BD0037F483 /* Debug */,
				6B961933234E72BD0037F483 /* Release */,
			);
			defaultConfigurationIsVisible = 0;
			defaultConfigurationName = Release;
		};
		6B961934234E72BD0037F483 /* Build configuration list for PBXNativeTarget "GuiflixTests" */ = {
			isa = XCConfigurationList;
			buildConfigurations = (
				6B961935234E72BD0037F483 /* Debug */,
				6B961936234E72BD0037F483 /* Release */,
			);
			defaultConfigurationIsVisible = 0;
			defaultConfigurationName = Release;
		};
/* End XCConfigurationList section */
	};
	rootObject = 6B96190C234E72BB0037F483 /* Project object */;
}
